
Microsoft Visual Studio Solution File, Format Version 12.00
# Visual Studio 15
VisualStudioVersion = 15.0.27130.2027
MinimumVisualStudioVersion = 10.0.40219.1
Project("{FAE04EC0-301F-11D3-BF4B-00C04F79EFBC}") = "Resto.Models", "Resto.Models\Resto.Models.csproj", "{38E4EE22-8627-4C1F-A969-2520FF2D9E1F}"
EndProject
Project("{FAE04EC0-301F-11D3-BF4B-00C04F79EFBC}") = "Resto.Manager", "Resto.Manager\Resto.Manager.csproj", "{DF4AB042-758B-4AB2-B6A8-C03D07E9C768}"
EndProject
Project("{FAE04EC0-301F-11D3-BF4B-00C04F79EFBC}") = "Resto.Data", "Resto.Data\Resto.Data.csproj", "{F96B02C1-303C-4DB7-9C00-B3A4308F39A0}"
EndProject
Project("{FAE04EC0-301F-11D3-BF4B-00C04F79EFBC}") = "ZigZag.Admin", "ZigZag.Admin\ZigZag.Admin.csproj", "{43F87BB3-9E3D-447C-98AE-5751819C0ACF}"
EndProject
Project("{FAE04EC0-301F-11D3-BF4B-00C04F79EFBC}") = "Resto.UI", "Resto\Resto.UI.csproj", "{2BDDB774-9994-45CD-A910-8A07B4C7AFA6}"
EndProject
Global
	GlobalSection(SolutionConfigurationPlatforms) = preSolution
		Debug|Any CPU = Debug|Any CPU
		Release|Any CPU = Release|Any CPU
	EndGlobalSection
	GlobalSection(ProjectConfigurationPlatforms) = postSolution
		{38E4EE22-8627-4C1F-A969-2520FF2D9E1F}.Debug|Any CPU.ActiveCfg = Debug|Any CPU
		{38E4EE22-8627-4C1F-A969-2520FF2D9E1F}.Debug|Any CPU.Build.0 = Debug|Any CPU
		{38E4EE22-8627-4C1F-A969-2520FF2D9E1F}.Release|Any CPU.ActiveCfg = Release|Any CPU
		{38E4EE22-8627-4C1F-A969-2520FF2D9E1F}.Release|Any CPU.Build.0 = Release|Any CPU
		{DF4AB042-758B-4AB2-B6A8-C03D07E9C768}.Debug|Any CPU.ActiveCfg = Debug|Any CPU
		{DF4AB042-758B-4AB2-B6A8-C03D07E9C768}.Debug|Any CPU.Build.0 = Debug|Any CPU
		{DF4AB042-758B-4AB2-B6A8-C03D07E9C768}.Release|Any CPU.ActiveCfg = Release|Any CPU
		{DF4AB042-758B-4AB2-B6A8-C03D07E9C768}.Release|Any CPU.Build.0 = Release|Any CPU
		{F96B02C1-303C-4DB7-9C00-B3A4308F39A0}.Debug|Any CPU.ActiveCfg = Debug|Any CPU
		{F96B02C1-303C-4DB7-9C00-B3A4308F39A0}.Debug|Any CPU.Build.0 = Debug|Any CPU
		{F96B02C1-303C-4DB7-9C00-B3A4308F39A0}.Release|Any CPU.ActiveCfg = Release|Any CPU
		{F96B02C1-303C-4DB7-9C00-B3A4308F39A0}.Release|Any CPU.Build.0 = Release|Any CPU
		{43F87BB3-9E3D-447C-98AE-5751819C0ACF}.Debug|Any CPU.ActiveCfg = Debug|Any CPU
		{43F87BB3-9E3D-447C-98AE-5751819C0ACF}.Debug|Any CPU.Build.0 = Debug|Any CPU
		{43F87BB3-9E3D-447C-98AE-5751819C0ACF}.Release|Any CPU.ActiveCfg = Release|Any CPU
		{43F87BB3-9E3D-447C-98AE-5751819C0ACF}.Release|Any CPU.Build.0 = Release|Any CPU
		{2BDDB774-9994-45CD-A910-8A07B4C7AFA6}.Debug|Any CPU.ActiveCfg = Debug|Any CPU
		{2BDDB774-9994-45CD-A910-8A07B4C7AFA6}.Debug|Any CPU.Build.0 = Debug|Any CPU
		{2BDDB774-9994-45CD-A910-8A07B4C7AFA6}.Release|Any CPU.ActiveCfg = Release|Any CPU
		{2BDDB774-9994-45CD-A910-8A07B4C7AFA6}.Release|Any CPU.Build.0 = Release|Any CPU
	EndGlobalSection
	GlobalSection(SolutionProperties) = preSolution
		HideSolutionNode = FALSE
	EndGlobalSection
	GlobalSection(ExtensibilityGlobals) = postSolution
		SolutionGuid = {3E3E445B-30F6-4AB5-8D8A-6BE8FEFBEB87}
	EndGlobalSection
EndGlobal
